
Microsoft Visual Studio Solution File, Format Version 12.00
# Visual Studio Version 17
VisualStudioVersion = 17.7.34024.191
MinimumVisualStudioVersion = 10.0.40219.1
Project("{FAE04EC0-301F-11D3-BF4B-00C04F79EFBC}") = "NumberOfcharacteresDoWhile", "NumberOfcharacteresDoWhile\NumberOfcharacteresDoWhile.csproj", "{DAD5FB49-D1CF-4BA3-AD66-5E2E5ED4FE6A}"
EndProject
Global
	GlobalSection(SolutionConfigurationPlatforms) = preSolution
		Debug|Any CPU = Debug|Any CPU
		Release|Any CPU = Release|Any CPU
	EndGlobalSection
	GlobalSection(ProjectConfigurationPlatforms) = postSolution
		{DAD5FB49-D1CF-4BA3-AD66-5E2E5ED4FE6A}.Debug|Any CPU.ActiveCfg = Debug|Any CPU
		{DAD5FB49-D1CF-4BA3-AD66-5E2E5ED4FE6A}.Debug|Any CPU.Build.0 = Debug|Any CPU
		{DAD5FB49-D1CF-4BA3-AD66-5E2E5ED4FE6A}.Release|Any CPU.ActiveCfg = Release|Any CPU
		{DAD5FB49-D1CF-4BA3-AD66-5E2E5ED4FE6A}.Release|Any CPU.Build.0 = Release|Any CPU
	EndGlobalSection
	GlobalSection(SolutionProperties) = preSolution
		HideSolutionNode = FALSE
	EndGlobalSection
	GlobalSection(ExtensibilityGlobals) = postSolution
		SolutionGuid = {18751429-57D0-49BD-8E62-A98C329F371C}
	EndGlobalSection
EndGlobal
