
Microsoft Visual Studio Solution File, Format Version 12.00
# Visual Studio Version 17
VisualStudioVersion = 17.7.34024.191
MinimumVisualStudioVersion = 10.0.40219.1
Project("{FAE04EC0-301F-11D3-BF4B-00C04F79EFBC}") = "HelloWorld", "HelloWorld\HelloWorld.csproj", "{4DDF453C-6573-4D02-804F-2384FF6FDF37}"
EndProject
Global
	GlobalSection(SolutionConfigurationPlatforms) = preSolution
		Debug|Any CPU = Debug|Any CPU
		Release|Any CPU = Release|Any CPU
	EndGlobalSection
	GlobalSection(ProjectConfigurationPlatforms) = postSolution
		{4DDF453C-6573-4D02-804F-2384FF6FDF37}.Debug|Any CPU.ActiveCfg = Debug|Any CPU
		{4DDF453C-6573-4D02-804F-2384FF6FDF37}.Debug|Any CPU.Build.0 = Debug|Any CPU
		{4DDF453C-6573-4D02-804F-2384FF6FDF37}.Release|Any CPU.ActiveCfg = Release|Any CPU
		{4DDF453C-6573-4D02-804F-2384FF6FDF37}.Release|Any CPU.Build.0 = Release|Any CPU
	EndGlobalSection
	GlobalSection(SolutionProperties) = preSolution
		HideSolutionNode = FALSE
	EndGlobalSection
	GlobalSection(ExtensibilityGlobals) = postSolution
		SolutionGuid = {B19D2F92-844A-4762-9271-4C5F3F4F56A8}
	EndGlobalSection
EndGlobal
