
Microsoft Visual Studio Solution File, Format Version 12.00
# Visual Studio Version 17
VisualStudioVersion = 17.7.34024.191
MinimumVisualStudioVersion = 10.0.40219.1
Project("{FAE04EC0-301F-11D3-BF4B-00C04F79EFBC}") = "CumulativeSumOddsEven", "CumulativeSumOddsEven\CumulativeSumOddsEven.csproj", "{D38A8D2F-8D6E-4F67-B890-CE8BE64E0A55}"
EndProject
Global
	GlobalSection(SolutionConfigurationPlatforms) = preSolution
		Debug|Any CPU = Debug|Any CPU
		Release|Any CPU = Release|Any CPU
	EndGlobalSection
	GlobalSection(ProjectConfigurationPlatforms) = postSolution
		{D38A8D2F-8D6E-4F67-B890-CE8BE64E0A55}.Debug|Any CPU.ActiveCfg = Debug|Any CPU
		{D38A8D2F-8D6E-4F67-B890-CE8BE64E0A55}.Debug|Any CPU.Build.0 = Debug|Any CPU
		{D38A8D2F-8D6E-4F67-B890-CE8BE64E0A55}.Release|Any CPU.ActiveCfg = Release|Any CPU
		{D38A8D2F-8D6E-4F67-B890-CE8BE64E0A55}.Release|Any CPU.Build.0 = Release|Any CPU
	EndGlobalSection
	GlobalSection(SolutionProperties) = preSolution
		HideSolutionNode = FALSE
	EndGlobalSection
	GlobalSection(ExtensibilityGlobals) = postSolution
		SolutionGuid = {AEEC92E4-2947-44F2-AA13-DC112248DC66}
	EndGlobalSection
EndGlobal
