
Microsoft Visual Studio Solution File, Format Version 12.00
# Visual Studio Version 17
VisualStudioVersion = 17.7.34024.191
MinimumVisualStudioVersion = 10.0.40219.1
Project("{FAE04EC0-301F-11D3-BF4B-00C04F79EFBC}") = "PasswordValidation", "PasswordValidation\PasswordValidation.csproj", "{4C690434-4955-4C5B-9491-613952DC2999}"
EndProject
Global
	GlobalSection(SolutionConfigurationPlatforms) = preSolution
		Debug|Any CPU = Debug|Any CPU
		Release|Any CPU = Release|Any CPU
	EndGlobalSection
	GlobalSection(ProjectConfigurationPlatforms) = postSolution
		{4C690434-4955-4C5B-9491-613952DC2999}.Debug|Any CPU.ActiveCfg = Debug|Any CPU
		{4C690434-4955-4C5B-9491-613952DC2999}.Debug|Any CPU.Build.0 = Debug|Any CPU
		{4C690434-4955-4C5B-9491-613952DC2999}.Release|Any CPU.ActiveCfg = Release|Any CPU
		{4C690434-4955-4C5B-9491-613952DC2999}.Release|Any CPU.Build.0 = Release|Any CPU
	EndGlobalSection
	GlobalSection(SolutionProperties) = preSolution
		HideSolutionNode = FALSE
	EndGlobalSection
	GlobalSection(ExtensibilityGlobals) = postSolution
		SolutionGuid = {21361FBB-DB82-4703-BB55-4EAEBD29A0B8}
	EndGlobalSection
EndGlobal
