
Microsoft Visual Studio Solution File, Format Version 12.00
# Visual Studio Version 17
VisualStudioVersion = 17.7.34024.191
MinimumVisualStudioVersion = 10.0.40219.1
Project("{FAE04EC0-301F-11D3-BF4B-00C04F79EFBC}") = "FibonacciSequence", "FibonacciSequence\FibonacciSequence.csproj", "{B70BDEFA-147F-47A4-88AA-9129C42C2E9A}"
EndProject
Global
	GlobalSection(SolutionConfigurationPlatforms) = preSolution
		Debug|Any CPU = Debug|Any CPU
		Release|Any CPU = Release|Any CPU
	EndGlobalSection
	GlobalSection(ProjectConfigurationPlatforms) = postSolution
		{B70BDEFA-147F-47A4-88AA-9129C42C2E9A}.Debug|Any CPU.ActiveCfg = Debug|Any CPU
		{B70BDEFA-147F-47A4-88AA-9129C42C2E9A}.Debug|Any CPU.Build.0 = Debug|Any CPU
		{B70BDEFA-147F-47A4-88AA-9129C42C2E9A}.Release|Any CPU.ActiveCfg = Release|Any CPU
		{B70BDEFA-147F-47A4-88AA-9129C42C2E9A}.Release|Any CPU.Build.0 = Release|Any CPU
	EndGlobalSection
	GlobalSection(SolutionProperties) = preSolution
		HideSolutionNode = FALSE
	EndGlobalSection
	GlobalSection(ExtensibilityGlobals) = postSolution
		SolutionGuid = {F6F3DB69-8F7E-4B20-A493-1B0CDA636198}
	EndGlobalSection
EndGlobal
